// !$*UTF8*$!
{
	archiveVersion = 1;
	classes = {
	};
	objectVersion = 50;
	objects = {

/* Begin PBXBuildFile section */
		C3041043223532CD005F6FED /* RWP.xcdatamodeld in Sources */ = {isa = PBXBuildFile; fileRef = C3041041223532CD005F6FED /* RWP.xcdatamodeld */; };
		C304104922355ECF005F6FED /* RoadListExtension.swift in Sources */ = {isa = PBXBuildFile; fileRef = C304104822355ECF005F6FED /* RoadListExtension.swift */; };
		C309DC1722381CB700CCBD32 /* ViewControllerAutoArrival.swift in Sources */ = {isa = PBXBuildFile; fileRef = C309DC1622381CB700CCBD32 /* ViewControllerAutoArrival.swift */; };
		C309DC1922381CD200CCBD32 /* ViewControllerAutoDeparture.swift in Sources */ = {isa = PBXBuildFile; fileRef = C309DC1822381CD200CCBD32 /* ViewControllerAutoDeparture.swift */; };
		C309DC1D2239513E00CCBD32 /* Infinity-1.2s-200px.gif in Resources */ = {isa = PBXBuildFile; fileRef = C309DC1C2239513C00CCBD32 /* Infinity-1.2s-200px.gif */; };
		C309DC1F2239518900CCBD32 /* ViewControllerLoading.swift in Sources */ = {isa = PBXBuildFile; fileRef = C309DC1E2239518900CCBD32 /* ViewControllerLoading.swift */; };
		C382CB1B223A5354005D8275 /* RWP+CoreDataClass.swift in Sources */ = {isa = PBXBuildFile; fileRef = C382CB19223A5354005D8275 /* RWP+CoreDataClass.swift */; };
		C382CB1C223A5354005D8275 /* RWP+CoreDataProperties.swift in Sources */ = {isa = PBXBuildFile; fileRef = C382CB1A223A5354005D8275 /* RWP+CoreDataProperties.swift */; };
		C3C011932230642B0027AE0A /* AppDelegate.swift in Sources */ = {isa = PBXBuildFile; fileRef = C3C011922230642B0027AE0A /* AppDelegate.swift */; };
		C3C011952230642B0027AE0A /* ViewController.swift in Sources */ = {isa = PBXBuildFile; fileRef = C3C011942230642B0027AE0A /* ViewController.swift */; };
		C3C011982230642B0027AE0A /* Main.storyboard in Resources */ = {isa = PBXBuildFile; fileRef = C3C011962230642B0027AE0A /* Main.storyboard */; };
		C3C0119D2230642F0027AE0A /* LaunchScreen.storyboard in Resources */ = {isa = PBXBuildFile; fileRef = C3C0119B2230642F0027AE0A /* LaunchScreen.storyboard */; };
		C3C011A82230642F0027AE0A /* RailWayProjTests.swift in Sources */ = {isa = PBXBuildFile; fileRef = C3C011A72230642F0027AE0A /* RailWayProjTests.swift */; };
		C3C011B32230642F0027AE0A /* RailWayProjUITests.swift in Sources */ = {isa = PBXBuildFile; fileRef = C3C011B22230642F0027AE0A /* RailWayProjUITests.swift */; };
		C3C011C122311D790027AE0A /* 2d778455040abeaa0fb4d402001b88b2.jpg in Resources */ = {isa = PBXBuildFile; fileRef = C3C011C022311D790027AE0A /* 2d778455040abeaa0fb4d402001b88b2.jpg */; };
		C3C011C4223121100027AE0A /* train.png in Resources */ = {isa = PBXBuildFile; fileRef = C3C011C32231210F0027AE0A /* train.png */; };
		C3C011C62231337A0027AE0A /* checkInternet.swift in Sources */ = {isa = PBXBuildFile; fileRef = C3C011C52231337A0027AE0A /* checkInternet.swift */; };
		C3C011C8223136500027AE0A /* viewForInternet.swift in Sources */ = {isa = PBXBuildFile; fileRef = C3C011C7223136500027AE0A /* viewForInternet.swift */; };
		C3C011CA223160570027AE0A /* ViewControllerAfterCheck.swift in Sources */ = {isa = PBXBuildFile; fileRef = C3C011C9223160570027AE0A /* ViewControllerAfterCheck.swift */; };
		C3C011CC223168670027AE0A /* panel.png in Resources */ = {isa = PBXBuildFile; fileRef = C3C011CB223168670027AE0A /* panel.png */; };
		C3C011D2223170E80027AE0A /* 008 Rainy Ashville.png in Resources */ = {isa = PBXBuildFile; fileRef = C3C011D1223170E80027AE0A /* 008 Rainy Ashville.png */; };
		C3C011D4223294340027AE0A /* start-4.png in Resources */ = {isa = PBXBuildFile; fileRef = C3C011D3223294340027AE0A /* start-4.png */; };
		C3C011D6223294A80027AE0A /* finish.png in Resources */ = {isa = PBXBuildFile; fileRef = C3C011D5223294A70027AE0A /* finish.png */; };
		C3C011D82232974B0027AE0A /* double-angle-pointing-to-right.png in Resources */ = {isa = PBXBuildFile; fileRef = C3C011D72232974B0027AE0A /* double-angle-pointing-to-right.png */; };
		C3C011DC223299BE0027AE0A /* Assets.xcassets in Resources */ = {isa = PBXBuildFile; fileRef = C3C011DB223299BE0027AE0A /* Assets.xcassets */; };
		C3C011DE22329BAC0027AE0A /* play-button.png in Resources */ = {isa = PBXBuildFile; fileRef = C3C011DD22329BAC0027AE0A /* play-button.png */; };
		C3C011E02232B6B50027AE0A /* RoadListScreen.swift in Sources */ = {isa = PBXBuildFile; fileRef = C3C011DF2232B6B50027AE0A /* RoadListScreen.swift */; };
		C3C011E22232C39D0027AE0A /* TableViewCellData.swift in Sources */ = {isa = PBXBuildFile; fileRef = C3C011E12232C39D0027AE0A /* TableViewCellData.swift */; };
		C3E8BC782233BEC40084CF09 /* down-arrow.png in Resources */ = {isa = PBXBuildFile; fileRef = C3E8BC772233BEC40084CF09 /* down-arrow.png */; };
/* End PBXBuildFile section */

/* Begin PBXContainerItemProxy section */
		C3C011A42230642F0027AE0A /* PBXContainerItemProxy */ = {
			isa = PBXContainerItemProxy;
			containerPortal = C3C011872230642B0027AE0A /* Project object */;
			proxyType = 1;
			remoteGlobalIDString = C3C0118E2230642B0027AE0A;
			remoteInfo = RailWayProj;
		};
		C3C011AF2230642F0027AE0A /* PBXContainerItemProxy */ = {
			isa = PBXContainerItemProxy;
			containerPortal = C3C011872230642B0027AE0A /* Project object */;
			proxyType = 1;
			remoteGlobalIDString = C3C0118E2230642B0027AE0A;
			remoteInfo = RailWayProj;
		};
/* End PBXContainerItemProxy section */

/* Begin PBXFileReference section */
		C3041042223532CD005F6FED /* RWP.xcdatamodel */ = {isa = PBXFileReference; lastKnownFileType = wrapper.xcdatamodel; path = RWP.xcdatamodel; sourceTree = "<group>"; };
		C304104822355ECF005F6FED /* RoadListExtension.swift */ = {isa = PBXFileReference; lastKnownFileType = sourcecode.swift; path = RoadListExtension.swift; sourceTree = "<group>"; };
		C309DC1622381CB700CCBD32 /* ViewControllerAutoArrival.swift */ = {isa = PBXFileReference; lastKnownFileType = sourcecode.swift; path = ViewControllerAutoArrival.swift; sourceTree = "<group>"; };
		C309DC1822381CD200CCBD32 /* ViewControllerAutoDeparture.swift */ = {isa = PBXFileReference; lastKnownFileType = sourcecode.swift; path = ViewControllerAutoDeparture.swift; sourceTree = "<group>"; };
		C309DC1C2239513C00CCBD32 /* Infinity-1.2s-200px.gif */ = {isa = PBXFileReference; lastKnownFileType = image.gif; path = "Infinity-1.2s-200px.gif"; sourceTree = "<group>"; };
		C309DC1E2239518900CCBD32 /* ViewControllerLoading.swift */ = {isa = PBXFileReference; lastKnownFileType = sourcecode.swift; path = ViewControllerLoading.swift; sourceTree = "<group>"; };
		C382CB19223A5354005D8275 /* RWP+CoreDataClass.swift */ = {isa = PBXFileReference; lastKnownFileType = sourcecode.swift; path = "RWP+CoreDataClass.swift"; sourceTree = "<group>"; };
		C382CB1A223A5354005D8275 /* RWP+CoreDataProperties.swift */ = {isa = PBXFileReference; lastKnownFileType = sourcecode.swift; path = "RWP+CoreDataProperties.swift"; sourceTree = "<group>"; };
		C3C0118F2230642B0027AE0A /* RailWayProj.app */ = {isa = PBXFileReference; explicitFileType = wrapper.application; includeInIndex = 0; path = RailWayProj.app; sourceTree = BUILT_PRODUCTS_DIR; };
		C3C011922230642B0027AE0A /* AppDelegate.swift */ = {isa = PBXFileReference; lastKnownFileType = sourcecode.swift; path = AppDelegate.swift; sourceTree = "<group>"; };
		C3C011942230642B0027AE0A /* ViewController.swift */ = {isa = PBXFileReference; lastKnownFileType = sourcecode.swift; path = ViewController.swift; sourceTree = "<group>"; };
		C3C011972230642B0027AE0A /* Base */ = {isa = PBXFileReference; lastKnownFileType = file.storyboard; name = Base; path = Base.lproj/Main.storyboard; sourceTree = "<group>"; };
		C3C0119C2230642F0027AE0A /* Base */ = {isa = PBXFileReference; lastKnownFileType = file.storyboard; name = Base; path = Base.lproj/LaunchScreen.storyboard; sourceTree = "<group>"; };
		C3C0119E2230642F0027AE0A /* Info.plist */ = {isa = PBXFileReference; lastKnownFileType = text.plist.xml; path = Info.plist; sourceTree = "<group>"; };
		C3C011A32230642F0027AE0A /* RailWayProjTests.xctest */ = {isa = PBXFileReference; explicitFileType = wrapper.cfbundle; includeInIndex = 0; path = RailWayProjTests.xctest; sourceTree = BUILT_PRODUCTS_DIR; };
		C3C011A72230642F0027AE0A /* RailWayProjTests.swift */ = {isa = PBXFileReference; lastKnownFileType = sourcecode.swift; path = RailWayProjTests.swift; sourceTree = "<group>"; };
		C3C011A92230642F0027AE0A /* Info.plist */ = {isa = PBXFileReference; lastKnownFileType = text.plist.xml; path = Info.plist; sourceTree = "<group>"; };
		C3C011AE2230642F0027AE0A /* RailWayProjUITests.xctest */ = {isa = PBXFileReference; explicitFileType = wrapper.cfbundle; includeInIndex = 0; path = RailWayProjUITests.xctest; sourceTree = BUILT_PRODUCTS_DIR; };
		C3C011B22230642F0027AE0A /* RailWayProjUITests.swift */ = {isa = PBXFileReference; lastKnownFileType = sourcecode.swift; path = RailWayProjUITests.swift; sourceTree = "<group>"; };
		C3C011B42230642F0027AE0A /* Info.plist */ = {isa = PBXFileReference; lastKnownFileType = text.plist.xml; path = Info.plist; sourceTree = "<group>"; };
		C3C011C022311D790027AE0A /* 2d778455040abeaa0fb4d402001b88b2.jpg */ = {isa = PBXFileReference; lastKnownFileType = image.jpeg; path = 2d778455040abeaa0fb4d402001b88b2.jpg; sourceTree = "<group>"; };
		C3C011C32231210F0027AE0A /* train.png */ = {isa = PBXFileReference; lastKnownFileType = image.png; path = train.png; sourceTree = "<group>"; };
		C3C011C52231337A0027AE0A /* checkInternet.swift */ = {isa = PBXFileReference; lastKnownFileType = sourcecode.swift; path = checkInternet.swift; sourceTree = "<group>"; };
		C3C011C7223136500027AE0A /* viewForInternet.swift */ = {isa = PBXFileReference; lastKnownFileType = sourcecode.swift; path = viewForInternet.swift; sourceTree = "<group>"; };
		C3C011C9223160570027AE0A /* ViewControllerAfterCheck.swift */ = {isa = PBXFileReference; lastKnownFileType = sourcecode.swift; path = ViewControllerAfterCheck.swift; sourceTree = "<group>"; };
		C3C011CB223168670027AE0A /* panel.png */ = {isa = PBXFileReference; lastKnownFileType = image.png; path = panel.png; sourceTree = "<group>"; };
		C3C011D1223170E80027AE0A /* 008 Rainy Ashville.png */ = {isa = PBXFileReference; lastKnownFileType = image.png; path = "008 Rainy Ashville.png"; sourceTree = "<group>"; };
		C3C011D3223294340027AE0A /* start-4.png */ = {isa = PBXFileReference; lastKnownFileType = image.png; path = "start-4.png"; sourceTree = "<group>"; };
		C3C011D5223294A70027AE0A /* finish.png */ = {isa = PBXFileReference; lastKnownFileType = image.png; path = finish.png; sourceTree = "<group>"; };
		C3C011D72232974B0027AE0A /* double-angle-pointing-to-right.png */ = {isa = PBXFileReference; lastKnownFileType = image.png; path = "double-angle-pointing-to-right.png"; sourceTree = "<group>"; };
		C3C011DB223299BE0027AE0A /* Assets.xcassets */ = {isa = PBXFileReference; lastKnownFileType = folder.assetcatalog; path = Assets.xcassets; sourceTree = "<group>"; };
		C3C011DD22329BAC0027AE0A /* play-button.png */ = {isa = PBXFileReference; lastKnownFileType = image.png; path = "play-button.png"; sourceTree = "<group>"; };
		C3C011DF2232B6B50027AE0A /* RoadListScreen.swift */ = {isa = PBXFileReference; lastKnownFileType = sourcecode.swift; path = RoadListScreen.swift; sourceTree = "<group>"; };
		C3C011E12232C39D0027AE0A /* TableViewCellData.swift */ = {isa = PBXFileReference; lastKnownFileType = sourcecode.swift; path = TableViewCellData.swift; sourceTree = "<group>"; };
		C3E8BC772233BEC40084CF09 /* down-arrow.png */ = {isa = PBXFileReference; lastKnownFileType = image.png; path = "down-arrow.png"; sourceTree = "<group>"; };
/* End PBXFileReference section */

/* Begin PBXFrameworksBuildPhase section */
		C3C0118C2230642B0027AE0A /* Frameworks */ = {
			isa = PBXFrameworksBuildPhase;
			buildActionMask = 2147483647;
			files = (
			);
			runOnlyForDeploymentPostprocessing = 0;
		};
		C3C011A02230642F0027AE0A /* Frameworks */ = {
			isa = PBXFrameworksBuildPhase;
			buildActionMask = 2147483647;
			files = (
			);
			runOnlyForDeploymentPostprocessing = 0;
		};
		C3C011AB2230642F0027AE0A /* Frameworks */ = {
			isa = PBXFrameworksBuildPhase;
			buildActionMask = 2147483647;
			files = (
			);
			runOnlyForDeploymentPostprocessing = 0;
		};
/* End PBXFrameworksBuildPhase section */

/* Begin PBXGroup section */
		C382CB21223A66A2005D8275 /* View */ = {
			isa = PBXGroup;
			children = (
				C3C011942230642B0027AE0A /* ViewController.swift */,
				C3C011E12232C39D0027AE0A /* TableViewCellData.swift */,
				C3C011C7223136500027AE0A /* viewForInternet.swift */,
				C309DC1822381CD200CCBD32 /* ViewControllerAutoDeparture.swift */,
				C309DC1622381CB700CCBD32 /* ViewControllerAutoArrival.swift */,
			);
			path = View;
			sourceTree = "<group>";
		};
		C382CB22223A66B3005D8275 /* Model */ = {
			isa = PBXGroup;
			children = (
				C382CB19223A5354005D8275 /* RWP+CoreDataClass.swift */,
				C382CB1A223A5354005D8275 /* RWP+CoreDataProperties.swift */,
			);
			path = Model;
			sourceTree = "<group>";
		};
		C382CB23223A66BA005D8275 /* Controller */ = {
			isa = PBXGroup;
			children = (
				C309DC1E2239518900CCBD32 /* ViewControllerLoading.swift */,
				C3C011C9223160570027AE0A /* ViewControllerAfterCheck.swift */,
				C3C011C52231337A0027AE0A /* checkInternet.swift */,
				C304104822355ECF005F6FED /* RoadListExtension.swift */,
				C3C011DF2232B6B50027AE0A /* RoadListScreen.swift */,
			);
			path = Controller;
			sourceTree = "<group>";
		};
		C3C011862230642B0027AE0A = {
			isa = PBXGroup;
			children = (
				C3C011912230642B0027AE0A /* RailWayProj */,
				C3C011A62230642F0027AE0A /* RailWayProjTests */,
				C3C011B12230642F0027AE0A /* RailWayProjUITests */,
				C3C011902230642B0027AE0A /* Products */,
			);
			sourceTree = "<group>";
		};
		C3C011902230642B0027AE0A /* Products */ = {
			isa = PBXGroup;
			children = (
				C3C0118F2230642B0027AE0A /* RailWayProj.app */,
				C3C011A32230642F0027AE0A /* RailWayProjTests.xctest */,
				C3C011AE2230642F0027AE0A /* RailWayProjUITests.xctest */,
			);
			name = Products;
			sourceTree = "<group>";
		};
		C3C011912230642B0027AE0A /* RailWayProj */ = {
			isa = PBXGroup;
			children = (
				C382CB22223A66B3005D8275 /* Model */,
				C382CB21223A66A2005D8275 /* View */,
				C382CB23223A66BA005D8275 /* Controller */,
				C3C011922230642B0027AE0A /* AppDelegate.swift */,
				C3C011DB223299BE0027AE0A /* Assets.xcassets */,
				C3C011962230642B0027AE0A /* Main.storyboard */,
				C3C011C222311D8A0027AE0A /* images */,
				C3C0119B2230642F0027AE0A /* LaunchScreen.storyboard */,
				C3C0119E2230642F0027AE0A /* Info.plist */,
				C3041041223532CD005F6FED /* RWP.xcdatamodeld */,
			);
			path = RailWayProj;
			sourceTree = "<group>";
		};
		C3C011A62230642F0027AE0A /* RailWayProjTests */ = {
			isa = PBXGroup;
			children = (
				C3C011A72230642F0027AE0A /* RailWayProjTests.swift */,
				C3C011A92230642F0027AE0A /* Info.plist */,
			);
			path = RailWayProjTests;
			sourceTree = "<group>";
		};
		C3C011B12230642F0027AE0A /* RailWayProjUITests */ = {
			isa = PBXGroup;
			children = (
				C3C011B22230642F0027AE0A /* RailWayProjUITests.swift */,
				C3C011B42230642F0027AE0A /* Info.plist */,
			);
			path = RailWayProjUITests;
			sourceTree = "<group>";
		};
		C3C011C222311D8A0027AE0A /* images */ = {
			isa = PBXGroup;
			children = (
				C3C011D5223294A70027AE0A /* finish.png */,
				C3C011D72232974B0027AE0A /* double-angle-pointing-to-right.png */,
				C309DC1C2239513C00CCBD32 /* Infinity-1.2s-200px.gif */,
				C3E8BC772233BEC40084CF09 /* down-arrow.png */,
				C3C011D3223294340027AE0A /* start-4.png */,
				C3C011D1223170E80027AE0A /* 008 Rainy Ashville.png */,
				C3C011DD22329BAC0027AE0A /* play-button.png */,
				C3C011CB223168670027AE0A /* panel.png */,
				C3C011C32231210F0027AE0A /* train.png */,
				C3C011C022311D790027AE0A /* 2d778455040abeaa0fb4d402001b88b2.jpg */,
			);
			path = images;
			sourceTree = "<group>";
		};
/* End PBXGroup section */

/* Begin PBXNativeTarget section */
		C3C0118E2230642B0027AE0A /* RailWayProj */ = {
			isa = PBXNativeTarget;
			buildConfigurationList = C3C011B72230642F0027AE0A /* Build configuration list for PBXNativeTarget "RailWayProj" */;
			buildPhases = (
				C3C0118B2230642B0027AE0A /* Sources */,
				C3C0118C2230642B0027AE0A /* Frameworks */,
				C3C0118D2230642B0027AE0A /* Resources */,
			);
			buildRules = (
			);
			dependencies = (
			);
			name = RailWayProj;
			productName = RailWayProj;
			productReference = C3C0118F2230642B0027AE0A /* RailWayProj.app */;
			productType = "com.apple.product-type.application";
		};
		C3C011A22230642F0027AE0A /* RailWayProjTests */ = {
			isa = PBXNativeTarget;
			buildConfigurationList = C3C011BA2230642F0027AE0A /* Build configuration list for PBXNativeTarget "RailWayProjTests" */;
			buildPhases = (
				C3C0119F2230642F0027AE0A /* Sources */,
				C3C011A02230642F0027AE0A /* Frameworks */,
				C3C011A12230642F0027AE0A /* Resources */,
			);
			buildRules = (
			);
			dependencies = (
				C3C011A52230642F0027AE0A /* PBXTargetDependency */,
			);
			name = RailWayProjTests;
			productName = RailWayProjTests;
			productReference = C3C011A32230642F0027AE0A /* RailWayProjTests.xctest */;
			productType = "com.apple.product-type.bundle.unit-test";
		};
		C3C011AD2230642F0027AE0A /* RailWayProjUITests */ = {
			isa = PBXNativeTarget;
			buildConfigurationList = C3C011BD2230642F0027AE0A /* Build configuration list for PBXNativeTarget "RailWayProjUITests" */;
			buildPhases = (
				C3C011AA2230642F0027AE0A /* Sources */,
				C3C011AB2230642F0027AE0A /* Frameworks */,
				C3C011AC2230642F0027AE0A /* Resources */,
			);
			buildRules = (
			);
			dependencies = (
				C3C011B02230642F0027AE0A /* PBXTargetDependency */,
			);
			name = RailWayProjUITests;
			productName = RailWayProjUITests;
			productReference = C3C011AE2230642F0027AE0A /* RailWayProjUITests.xctest */;
			productType = "com.apple.product-type.bundle.ui-testing";
		};
/* End PBXNativeTarget section */

/* Begin PBXProject section */
		C3C011872230642B0027AE0A /* Project object */ = {
			isa = PBXProject;
			attributes = {
				LastSwiftUpdateCheck = 1010;
				LastUpgradeCheck = 1010;
				ORGANIZATIONNAME = iosadmin;
				TargetAttributes = {
					C3C0118E2230642B0027AE0A = {
						CreatedOnToolsVersion = 10.1;
					};
					C3C011A22230642F0027AE0A = {
						CreatedOnToolsVersion = 10.1;
						TestTargetID = C3C0118E2230642B0027AE0A;
					};
					C3C011AD2230642F0027AE0A = {
						CreatedOnToolsVersion = 10.1;
						TestTargetID = C3C0118E2230642B0027AE0A;
					};
				};
			};
			buildConfigurationList = C3C0118A2230642B0027AE0A /* Build configuration list for PBXProject "RailWayProj" */;
			compatibilityVersion = "Xcode 9.3";
			developmentRegion = en;
			hasScannedForEncodings = 0;
			knownRegions = (
				en,
				Base,
			);
			mainGroup = C3C011862230642B0027AE0A;
			productRefGroup = C3C011902230642B0027AE0A /* Products */;
			projectDirPath = "";
			projectRoot = "";
			targets = (
				C3C0118E2230642B0027AE0A /* RailWayProj */,
				C3C011A22230642F0027AE0A /* RailWayProjTests */,
				C3C011AD2230642F0027AE0A /* RailWayProjUITests */,
			);
		};
/* End PBXProject section */

/* Begin PBXResourcesBuildPhase section */
		C3C0118D2230642B0027AE0A /* Resources */ = {
			isa = PBXResourcesBuildPhase;
			buildActionMask = 2147483647;
			files = (
				C3C011C122311D790027AE0A /* 2d778455040abeaa0fb4d402001b88b2.jpg in Resources */,
				C3E8BC782233BEC40084CF09 /* down-arrow.png in Resources */,
				C3C011C4223121100027AE0A /* train.png in Resources */,
				C3C011DC223299BE0027AE0A /* Assets.xcassets in Resources */,
				C309DC1D2239513E00CCBD32 /* Infinity-1.2s-200px.gif in Resources */,
				C3C011CC223168670027AE0A /* panel.png in Resources */,
				C3C0119D2230642F0027AE0A /* LaunchScreen.storyboard in Resources */,
				C3C011DE22329BAC0027AE0A /* play-button.png in Resources */,
				C3C011D2223170E80027AE0A /* 008 Rainy Ashville.png in Resources */,
				C3C011D4223294340027AE0A /* start-4.png in Resources */,
				C3C011D82232974B0027AE0A /* double-angle-pointing-to-right.png in Resources */,
				C3C011D6223294A80027AE0A /* finish.png in Resources */,
				C3C011982230642B0027AE0A /* Main.storyboard in Resources */,
			);
			runOnlyForDeploymentPostprocessing = 0;
		};
		C3C011A12230642F0027AE0A /* Resources */ = {
			isa = PBXResourcesBuildPhase;
			buildActionMask = 2147483647;
			files = (
			);
			runOnlyForDeploymentPostprocessing = 0;
		};
		C3C011AC2230642F0027AE0A /* Resources */ = {
			isa = PBXResourcesBuildPhase;
			buildActionMask = 2147483647;
			files = (
			);
			runOnlyForDeploymentPostprocessing = 0;
		};
/* End PBXResourcesBuildPhase section */

/* Begin PBXSourcesBuildPhase section */
		C3C0118B2230642B0027AE0A /* Sources */ = {
			isa = PBXSourcesBuildPhase;
			buildActionMask = 2147483647;
			files = (
				C3041043223532CD005F6FED /* RWP.xcdatamodeld in Sources */,
				C3C011C62231337A0027AE0A /* checkInternet.swift in Sources */,
				C309DC1F2239518900CCBD32 /* ViewControllerLoading.swift in Sources */,
				C3C011E22232C39D0027AE0A /* TableViewCellData.swift in Sources */,
				C3C011E02232B6B50027AE0A /* RoadListScreen.swift in Sources */,
				C3C011CA223160570027AE0A /* ViewControllerAfterCheck.swift in Sources */,
				C3C011952230642B0027AE0A /* ViewController.swift in Sources */,
				C309DC1922381CD200CCBD32 /* ViewControllerAutoDeparture.swift in Sources */,
				C3C011932230642B0027AE0A /* AppDelegate.swift in Sources */,
				C382CB1B223A5354005D8275 /* RWP+CoreDataClass.swift in Sources */,
				C382CB1C223A5354005D8275 /* RWP+CoreDataProperties.swift in Sources */,
				C304104922355ECF005F6FED /* RoadListExtension.swift in Sources */,
				C3C011C8223136500027AE0A /* viewForInternet.swift in Sources */,
				C309DC1722381CB700CCBD32 /* ViewControllerAutoArrival.swift in Sources */,
			);
			runOnlyForDeploymentPostprocessing = 0;
		};
		C3C0119F2230642F0027AE0A /* Sources */ = {
			isa = PBXSourcesBuildPhase;
			buildActionMask = 2147483647;
			files = (
				C3C011A82230642F0027AE0A /* RailWayProjTests.swift in Sources */,
			);
			runOnlyForDeploymentPostprocessing = 0;
		};
		C3C011AA2230642F0027AE0A /* Sources */ = {
			isa = PBXSourcesBuildPhase;
			buildActionMask = 2147483647;
			files = (
				C3C011B32230642F0027AE0A /* RailWayProjUITests.swift in Sources */,
			);
			runOnlyForDeploymentPostprocessing = 0;
		};
/* End PBXSourcesBuildPhase section */

/* Begin PBXTargetDependency section */
		C3C011A52230642F0027AE0A /* PBXTargetDependency */ = {
			isa = PBXTargetDependency;
			target = C3C0118E2230642B0027AE0A /* RailWayProj */;
			targetProxy = C3C011A42230642F0027AE0A /* PBXContainerItemProxy */;
		};
		C3C011B02230642F0027AE0A /* PBXTargetDependency */ = {
			isa = PBXTargetDependency;
			target = C3C0118E2230642B0027AE0A /* RailWayProj */;
			targetProxy = C3C011AF2230642F0027AE0A /* PBXContainerItemProxy */;
		};
/* End PBXTargetDependency section */

/* Begin PBXVariantGroup section */
		C3C011962230642B0027AE0A /* Main.storyboard */ = {
			isa = PBXVariantGroup;
			children = (
				C3C011972230642B0027AE0A /* Base */,
			);
			name = Main.storyboard;
			sourceTree = "<group>";
		};
		C3C0119B2230642F0027AE0A /* LaunchScreen.storyboard */ = {
			isa = PBXVariantGroup;
			children = (
				C3C0119C2230642F0027AE0A /* Base */,
			);
			name = LaunchScreen.storyboard;
			sourceTree = "<group>";
		};
/* End PBXVariantGroup section */

/* Begin XCBuildConfiguration section */
		C3C011B52230642F0027AE0A /* Debug */ = {
			isa = XCBuildConfiguration;
			buildSettings = {
				ALWAYS_SEARCH_USER_PATHS = NO;
				CLANG_ANALYZER_NONNULL = YES;
				CLANG_ANALYZER_NUMBER_OBJECT_CONVERSION = YES_AGGRESSIVE;
				CLANG_CXX_LANGUAGE_STANDARD = "gnu++14";
				CLANG_CXX_LIBRARY = "libc++";
				CLANG_ENABLE_MODULES = YES;
				CLANG_ENABLE_OBJC_ARC = YES;
				CLANG_ENABLE_OBJC_WEAK = YES;
				CLANG_WARN_BLOCK_CAPTURE_AUTORELEASING = YES;
				CLANG_WARN_BOOL_CONVERSION = YES;
				CLANG_WARN_COMMA = YES;
				CLANG_WARN_CONSTANT_CONVERSION = YES;
				CLANG_WARN_DEPRECATED_OBJC_IMPLEMENTATIONS = YES;
				CLANG_WARN_DIRECT_OBJC_ISA_USAGE = YES_ERROR;
				CLANG_WARN_DOCUMENTATION_COMMENTS = YES;
				CLANG_WARN_EMPTY_BODY = YES;
				CLANG_WARN_ENUM_CONVERSION = YES;
				CLANG_WARN_INFINITE_RECURSION = YES;
				CLANG_WARN_INT_CONVERSION = YES;
				CLANG_WARN_NON_LITERAL_NULL_CONVERSION = YES;
				CLANG_WARN_OBJC_IMPLICIT_RETAIN_SELF = YES;
				CLANG_WARN_OBJC_LITERAL_CONVERSION = YES;
				CLANG_WARN_OBJC_ROOT_CLASS = YES_ERROR;
				CLANG_WARN_RANGE_LOOP_ANALYSIS = YES;
				CLANG_WARN_STRICT_PROTOTYPES = YES;
				CLANG_WARN_SUSPICIOUS_MOVE = YES;
				CLANG_WARN_UNGUARDED_AVAILABILITY = YES_AGGRESSIVE;
				CLANG_WARN_UNREACHABLE_CODE = YES;
				CLANG_WARN__DUPLICATE_METHOD_MATCH = YES;
				CODE_SIGN_IDENTITY = "iPhone Developer";
				COPY_PHASE_STRIP = NO;
				DEBUG_INFORMATION_FORMAT = dwarf;
				ENABLE_STRICT_OBJC_MSGSEND = YES;
				ENABLE_TESTABILITY = YES;
				GCC_C_LANGUAGE_STANDARD = gnu11;
				GCC_DYNAMIC_NO_PIC = NO;
				GCC_NO_COMMON_BLOCKS = YES;
				GCC_OPTIMIZATION_LEVEL = 0;
				GCC_PREPROCESSOR_DEFINITIONS = (
					"DEBUG=1",
					"$(inherited)",
				);
				GCC_WARN_64_TO_32_BIT_CONVERSION = YES;
				GCC_WARN_ABOUT_RETURN_TYPE = YES_ERROR;
				GCC_WARN_UNDECLARED_SELECTOR = YES;
				GCC_WARN_UNINITIALIZED_AUTOS = YES_AGGRESSIVE;
				GCC_WARN_UNUSED_FUNCTION = YES;
				GCC_WARN_UNUSED_VARIABLE = YES;
				IPHONEOS_DEPLOYMENT_TARGET = 12.1;
				MTL_ENABLE_DEBUG_INFO = INCLUDE_SOURCE;
				MTL_FAST_MATH = YES;
				ONLY_ACTIVE_ARCH = YES;
				SDKROOT = iphoneos;
				SWIFT_ACTIVE_COMPILATION_CONDITIONS = DEBUG;
				SWIFT_OPTIMIZATION_LEVEL = "-Onone";
			};
			name = Debug;
		};
		C3C011B62230642F0027AE0A /* Release */ = {
			isa = XCBuildConfiguration;
			buildSettings = {
				ALWAYS_SEARCH_USER_PATHS = NO;
				CLANG_ANALYZER_NONNULL = YES;
				CLANG_ANALYZER_NUMBER_OBJECT_CONVERSION = YES_AGGRESSIVE;
				CLANG_CXX_LANGUAGE_STANDARD = "gnu++14";
				CLANG_CXX_LIBRARY = "libc++";
				CLANG_ENABLE_MODULES = YES;
				CLANG_ENABLE_OBJC_ARC = YES;
				CLANG_ENABLE_OBJC_WEAK = YES;
				CLANG_WARN_BLOCK_CAPTURE_AUTORELEASING = YES;
				CLANG_WARN_BOOL_CONVERSION = YES;
				CLANG_WARN_COMMA = YES;
				CLANG_WARN_CONSTANT_CONVERSION = YES;
				CLANG_WARN_DEPRECATED_OBJC_IMPLEMENTATIONS = YES;
				CLANG_WARN_DIRECT_OBJC_ISA_USAGE = YES_ERROR;
				CLANG_WARN_DOCUMENTATION_COMMENTS = YES;
				CLANG_WARN_EMPTY_BODY = YES;
				CLANG_WARN_ENUM_CONVERSION = YES;
				CLANG_WARN_INFINITE_RECURSION = YES;
				CLANG_WARN_INT_CONVERSION = YES;
				CLANG_WARN_NON_LITERAL_NULL_CONVERSION = YES;
				CLANG_WARN_OBJC_IMPLICIT_RETAIN_SELF = YES;
				CLANG_WARN_OBJC_LITERAL_CONVERSION = YES;
				CLANG_WARN_OBJC_ROOT_CLASS = YES_ERROR;
				CLANG_WARN_RANGE_LOOP_ANALYSIS = YES;
				CLANG_WARN_STRICT_PROTOTYPES = YES;
				CLANG_WARN_SUSPICIOUS_MOVE = YES;
				CLANG_WARN_UNGUARDED_AVAILABILITY = YES_AGGRESSIVE;
				CLANG_WARN_UNREACHABLE_CODE = YES;
				CLANG_WARN__DUPLICATE_METHOD_MATCH = YES;
				CODE_SIGN_IDENTITY = "iPhone Developer";
				COPY_PHASE_STRIP = NO;
				DEBUG_INFORMATION_FORMAT = "dwarf-with-dsym";
				ENABLE_NS_ASSERTIONS = NO;
				ENABLE_STRICT_OBJC_MSGSEND = YES;
				GCC_C_LANGUAGE_STANDARD = gnu11;
				GCC_NO_COMMON_BLOCKS = YES;
				GCC_WARN_64_TO_32_BIT_CONVERSION = YES;
				GCC_WARN_ABOUT_RETURN_TYPE = YES_ERROR;
				GCC_WARN_UNDECLARED_SELECTOR = YES;
				GCC_WARN_UNINITIALIZED_AUTOS = YES_AGGRESSIVE;
				GCC_WARN_UNUSED_FUNCTION = YES;
				GCC_WARN_UNUSED_VARIABLE = YES;
				IPHONEOS_DEPLOYMENT_TARGET = 12.1;
				MTL_ENABLE_DEBUG_INFO = NO;
				MTL_FAST_MATH = YES;
				SDKROOT = iphoneos;
				SWIFT_COMPILATION_MODE = wholemodule;
				SWIFT_OPTIMIZATION_LEVEL = "-O";
				VALIDATE_PRODUCT = YES;
			};
			name = Release;
		};
		C3C011B82230642F0027AE0A /* Debug */ = {
			isa = XCBuildConfiguration;
			buildSettings = {
				ASSETCATALOG_COMPILER_APPICON_NAME = AppIcon;
				CODE_SIGN_STYLE = Automatic;
				INFOPLIST_FILE = RailWayProj/Info.plist;
				LD_RUNPATH_SEARCH_PATHS = (
					"$(inherited)",
					"@executable_path/Frameworks",
				);
				PRODUCT_BUNDLE_IDENTIFIER = metropolia.RailWayProj;
				PRODUCT_NAME = "$(TARGET_NAME)";
				SWIFT_VERSION = 4.2;
				TARGETED_DEVICE_FAMILY = "1,2";
			};
			name = Debug;
		};
		C3C011B92230642F0027AE0A /* Release */ = {
			isa = XCBuildConfiguration;
			buildSettings = {
				ASSETCATALOG_COMPILER_APPICON_NAME = AppIcon;
				CODE_SIGN_STYLE = Automatic;
				INFOPLIST_FILE = RailWayProj/Info.plist;
				LD_RUNPATH_SEARCH_PATHS = (
					"$(inherited)",
					"@executable_path/Frameworks",
				);
				PRODUCT_BUNDLE_IDENTIFIER = metropolia.RailWayProj;
				PRODUCT_NAME = "$(TARGET_NAME)";
				SWIFT_VERSION = 4.2;
				TARGETED_DEVICE_FAMILY = "1,2";
			};
			name = Release;
		};
		C3C011BB2230642F0027AE0A /* Debug */ = {
			isa = XCBuildConfiguration;
			buildSettings = {
				ALWAYS_EMBED_SWIFT_STANDARD_LIBRARIES = YES;
				BUNDLE_LOADER = "$(TEST_HOST)";
				CODE_SIGN_STYLE = Automatic;
				INFOPLIST_FILE = RailWayProjTests/Info.plist;
				LD_RUNPATH_SEARCH_PATHS = (
					"$(inherited)",
					"@executable_path/Frameworks",
					"@loader_path/Frameworks",
				);
				PRODUCT_BUNDLE_IDENTIFIER = metropolia.RailWayProjTests;
				PRODUCT_NAME = "$(TARGET_NAME)";
				SWIFT_VERSION = 4.2;
				TARGETED_DEVICE_FAMILY = "1,2";
				TEST_HOST = "$(BUILT_PRODUCTS_DIR)/RailWayProj.app/RailWayProj";
			};
			name = Debug;
		};
		C3C011BC2230642F0027AE0A /* Release */ = {
			isa = XCBuildConfiguration;
			buildSettings = {
				ALWAYS_EMBED_SWIFT_STANDARD_LIBRARIES = YES;
				BUNDLE_LOADER = "$(TEST_HOST)";
				CODE_SIGN_STYLE = Automatic;
				INFOPLIST_FILE = RailWayProjTests/Info.plist;
				LD_RUNPATH_SEARCH_PATHS = (
					"$(inherited)",
					"@executable_path/Frameworks",
					"@loader_path/Frameworks",
				);
				PRODUCT_BUNDLE_IDENTIFIER = metropolia.RailWayProjTests;
				PRODUCT_NAME = "$(TARGET_NAME)";
				SWIFT_VERSION = 4.2;
				TARGETED_DEVICE_FAMILY = "1,2";
				TEST_HOST = "$(BUILT_PRODUCTS_DIR)/RailWayProj.app/RailWayProj";
			};
			name = Release;
		};
		C3C011BE2230642F0027AE0A /* Debug */ = {
			isa = XCBuildConfiguration;
			buildSettings = {
				ALWAYS_EMBED_SWIFT_STANDARD_LIBRARIES = YES;
				CODE_SIGN_STYLE = Automatic;
				INFOPLIST_FILE = RailWayProjUITests/Info.plist;
				LD_RUNPATH_SEARCH_PATHS = (
					"$(inherited)",
					"@executable_path/Frameworks",
					"@loader_path/Frameworks",
				);
				PRODUCT_BUNDLE_IDENTIFIER = metropolia.RailWayProjUITests;
				PRODUCT_NAME = "$(TARGET_NAME)";
				SWIFT_VERSION = 4.2;
				TARGETED_DEVICE_FAMILY = "1,2";
				TEST_TARGET_NAME = RailWayProj;
			};
			name = Debug;
		};
		C3C011BF2230642F0027AE0A /* Release */ = {
			isa = XCBuildConfiguration;
			buildSettings = {
				ALWAYS_EMBED_SWIFT_STANDARD_LIBRARIES = YES;
				CODE_SIGN_STYLE = Automatic;
				INFOPLIST_FILE = RailWayProjUITests/Info.plist;
				LD_RUNPATH_SEARCH_PATHS = (
					"$(inherited)",
					"@executable_path/Frameworks",
					"@loader_path/Frameworks",
				);
				PRODUCT_BUNDLE_IDENTIFIER = metropolia.RailWayProjUITests;
				PRODUCT_NAME = "$(TARGET_NAME)";
				SWIFT_VERSION = 4.2;
				TARGETED_DEVICE_FAMILY = "1,2";
				TEST_TARGET_NAME = RailWayProj;
			};
			name = Release;
		};
/* End XCBuildConfiguration section */

/* Begin XCConfigurationList section */
		C3C0118A2230642B0027AE0A /* Build configuration list for PBXProject "RailWayProj" */ = {
			isa = XCConfigurationList;
			buildConfigurations = (
				C3C011B52230642F0027AE0A /* Debug */,
				C3C011B62230642F0027AE0A /* Release */,
			);
			defaultConfigurationIsVisible = 0;
			defaultConfigurationName = Release;
		};
		C3C011B72230642F0027AE0A /* Build configuration list for PBXNativeTarget "RailWayProj" */ = {
			isa = XCConfigurationList;
			buildConfigurations = (
				C3C011B82230642F0027AE0A /* Debug */,
				C3C011B92230642F0027AE0A /* Release */,
			);
			defaultConfigurationIsVisible = 0;
			defaultConfigurationName = Release;
		};
		C3C011BA2230642F0027AE0A /* Build configuration list for PBXNativeTarget "RailWayProjTests" */ = {
			isa = XCConfigurationList;
			buildConfigurations = (
				C3C011BB2230642F0027AE0A /* Debug */,
				C3C011BC2230642F0027AE0A /* Release */,
			);
			defaultConfigurationIsVisible = 0;
			defaultConfigurationName = Release;
		};
		C3C011BD2230642F0027AE0A /* Build configuration list for PBXNativeTarget "RailWayProjUITests" */ = {
			isa = XCConfigurationList;
			buildConfigurations = (
				C3C011BE2230642F0027AE0A /* Debug */,
				C3C011BF2230642F0027AE0A /* Release */,
			);
			defaultConfigurationIsVisible = 0;
			defaultConfigurationName = Release;
		};
/* End XCConfigurationList section */

/* Begin XCVersionGroup section */
		C3041041223532CD005F6FED /* RWP.xcdatamodeld */ = {
			isa = XCVersionGroup;
			children = (
				C3041042223532CD005F6FED /* RWP.xcdatamodel */,
			);
			currentVersion = C3041042223532CD005F6FED /* RWP.xcdatamodel */;
			path = RWP.xcdatamodeld;
			sourceTree = "<group>";
			versionGroupType = wrapper.xcdatamodel;
		};
/* End XCVersionGroup section */
	};
	rootObject = C3C011872230642B0027AE0A /* Project object */;
}
